{
  "name": "@indiebackend/domain-ids",
  "version": "1.0.1",
  "lockfileVersion": 3,
  "requires": true,
  "packages": {
    "": {
      "name": "@indiebackend/domain-ids",
      "version": "1.0.1",
      "license": "MIT",
      "dependencies": {
        "base-x": "5.0.0",
        "uuid": "11.0.3"
      },
      "devDependencies": {
        "@types/node": "22.9.0",
        "prettier": "^3.3.3",
        "tsx": "4.19.2",
        "typescript": "5.6.3"
      },
      "peerDependencies": {
        "@nestjs/common": "^10.4.8",
        "class-validator": "0.14.1"
      },
      "peerDependenciesMeta": {
        "@nestjs/common": {
          "optional": true
        },
        "class-validator": {
          "optional": true
        }
      }
    },
    "node_modules/@esbuild/linux-x64": {
      "version": "0.23.1",
      "resolved": "https://registry.npmjs.org/@esbuild/linux-x64/-/linux-x64-0.23.1.tgz",
      "integrity": "sha512-EV6+ovTsEXCPAp58g2dD68LxoP/wK5pRvgy0J/HxPGB009omFPv3Yet0HiaqvrIrgPTBuC6wCH1LTOY91EO5hQ==",
      "cpu": [
        "x64"
      ],
      "dev": true,
      "license": "MIT",
      "optional": true,
      "os": [
        "linux"
      ],
      "engines": {
        "node": ">=18"
      }
    },
    "node_modules/@lukeed/csprng": {
      "version": "1.1.0",
      "resolved": "https://registry.npmjs.org/@lukeed/csprng/-/csprng-1.1.0.tgz",
      "integrity": "sha512-Z7C/xXCiGWsg0KuKsHTKJxbWhpI3Vs5GwLfOean7MGyVFGqdRgBbAjOCh6u4bbjPc/8MJ2pZmK/0DLdCbivLDA==",
      "license": "MIT",
      "optional": true,
      "peer": true,
      "engines": {
        "node": ">=8"
      }
    },
    "node_modules/@nestjs/common": {
      "version": "10.4.8",
      "resolved": "https://registry.npmjs.org/@nestjs/common/-/common-10.4.8.tgz",
      "integrity": "sha512-PVor9dxihg3F2LMnVNkQu42vUmea2+qukkWXUSumtVKDsBo7X7jnZWXtF5bvNTcYK7IYL4/MM4awNfJVJcJpFg==",
      "license": "MIT",
      "optional": true,
      "peer": true,
      "dependencies": {
        "iterare": "1.2.1",
        "tslib": "2.7.0",
        "uid": "2.0.2"
      },
      "funding": {
        "type": "opencollective",
        "url": "https://opencollective.com/nest"
      },
      "peerDependencies": {
        "class-transformer": "*",
        "class-validator": "*",
        "reflect-metadata": "^0.1.12 || ^0.2.0",
        "rxjs": "^7.1.0"
      },
      "peerDependenciesMeta": {
        "class-transformer": {
          "optional": true
        },
        "class-validator": {
          "optional": true
        }
      }
    },
    "node_modules/@types/node": {
      "version": "22.9.0",
      "resolved": "https://registry.npmjs.org/@types/node/-/node-22.9.0.tgz",
      "integrity": "sha512-vuyHg81vvWA1Z1ELfvLko2c8f34gyA0zaic0+Rllc5lbCnbSyuvb2Oxpm6TAUAC/2xZN3QGqxBNggD1nNR2AfQ==",
      "dev": true,
      "license": "MIT",
      "dependencies": {
        "undici-types": "~6.19.8"
      }
    },
    "node_modules/@types/validator": {
      "version": "13.12.2",
      "resolved": "https://registry.npmjs.org/@types/validator/-/validator-13.12.2.tgz",
      "integrity": "sha512-6SlHBzUW8Jhf3liqrGGXyTJSIFe4nqlJ5A5KaMZ2l/vbM3Wh3KSybots/wfWVzNLK4D1NZluDlSQIbIEPx6oyA==",
      "license": "MIT",
      "optional": true,
      "peer": true
    },
    "node_modules/base-x": {
      "version": "5.0.0",
      "resolved": "https://registry.npmjs.org/base-x/-/base-x-5.0.0.tgz",
      "integrity": "sha512-sMW3VGSX1QWVFA6l8U62MLKz29rRfpTlYdCqLdpLo1/Yd4zZwSbnUaDfciIAowAqvq7YFnWq9hrhdg1KYgc1lQ==",
      "license": "MIT"
    },
    "node_modules/class-validator": {
      "version": "0.14.1",
      "resolved": "https://registry.npmjs.org/class-validator/-/class-validator-0.14.1.tgz",
      "integrity": "sha512-2VEG9JICxIqTpoK1eMzZqaV+u/EiwEJkMGzTrZf6sU/fwsnOITVgYJ8yojSy6CaXtO9V0Cc6ZQZ8h8m4UBuLwQ==",
      "license": "MIT",
      "optional": true,
      "peer": true,
      "dependencies": {
        "@types/validator": "^13.11.8",
        "libphonenumber-js": "^1.10.53",
        "validator": "^13.9.0"
      }
    },
    "node_modules/esbuild": {
      "version": "0.23.1",
      "resolved": "https://registry.npmjs.org/esbuild/-/esbuild-0.23.1.tgz",
      "integrity": "sha512-VVNz/9Sa0bs5SELtn3f7qhJCDPCF5oMEl5cO9/SSinpE9hbPVvxbd572HH5AKiP7WD8INO53GgfDDhRjkylHEg==",
      "dev": true,
      "hasInstallScript": true,
      "license": "MIT",
      "bin": {
        "esbuild": "bin/esbuild"
      },
      "engines": {
        "node": ">=18"
      },
      "optionalDependencies": {
        "@esbuild/aix-ppc64": "0.23.1",
        "@esbuild/android-arm": "0.23.1",
        "@esbuild/android-arm64": "0.23.1",
        "@esbuild/android-x64": "0.23.1",
        "@esbuild/darwin-arm64": "0.23.1",
        "@esbuild/darwin-x64": "0.23.1",
        "@esbuild/freebsd-arm64": "0.23.1",
        "@esbuild/freebsd-x64": "0.23.1",
        "@esbuild/linux-arm": "0.23.1",
        "@esbuild/linux-arm64": "0.23.1",
        "@esbuild/linux-ia32": "0.23.1",
        "@esbuild/linux-loong64": "0.23.1",
        "@esbuild/linux-mips64el": "0.23.1",
        "@esbuild/linux-ppc64": "0.23.1",
        "@esbuild/linux-riscv64": "0.23.1",
        "@esbuild/linux-s390x": "0.23.1",
        "@esbuild/linux-x64": "0.23.1",
        "@esbuild/netbsd-x64": "0.23.1",
        "@esbuild/openbsd-arm64": "0.23.1",
        "@esbuild/openbsd-x64": "0.23.1",
        "@esbuild/sunos-x64": "0.23.1",
        "@esbuild/win32-arm64": "0.23.1",
        "@esbuild/win32-ia32": "0.23.1",
        "@esbuild/win32-x64": "0.23.1"
      }
    },
    "node_modules/get-tsconfig": {
      "version": "4.8.1",
      "resolved": "https://registry.npmjs.org/get-tsconfig/-/get-tsconfig-4.8.1.tgz",
      "integrity": "sha512-k9PN+cFBmaLWtVz29SkUoqU5O0slLuHJXt/2P+tMVFT+phsSGXGkp9t3rQIqdz0e+06EHNGs3oM6ZX1s2zHxRg==",
      "dev": true,
      "license": "MIT",
      "dependencies": {
        "resolve-pkg-maps": "^1.0.0"
      },
      "funding": {
        "url": "https://github.com/privatenumber/get-tsconfig?sponsor=1"
      }
    },
    "node_modules/iterare": {
      "version": "1.2.1",
      "resolved": "https://registry.npmjs.org/iterare/-/iterare-1.2.1.tgz",
      "integrity": "sha512-RKYVTCjAnRthyJes037NX/IiqeidgN1xc3j1RjFfECFp28A1GVwK9nA+i0rJPaHqSZwygLzRnFlzUuHFoWWy+Q==",
      "license": "ISC",
      "optional": true,
      "peer": true,
      "engines": {
        "node": ">=6"
      }
    },
    "node_modules/libphonenumber-js": {
      "version": "1.11.14",
      "resolved": "https://registry.npmjs.org/libphonenumber-js/-/libphonenumber-js-1.11.14.tgz",
      "integrity": "sha512-sexvAfwcW1Lqws4zFp8heAtAEXbEDnvkYCEGzvOoMgZR7JhXo/IkE9MkkGACgBed5fWqh3ShBGnJBdDnU9N8EQ==",
      "license": "MIT",
      "optional": true,
      "peer": true
    },
    "node_modules/prettier": {
      "version": "3.3.3",
      "resolved": "https://registry.npmjs.org/prettier/-/prettier-3.3.3.tgz",
      "integrity": "sha512-i2tDNA0O5IrMO757lfrdQZCc2jPNDVntV0m/+4whiDfWaTKfMNgR7Qz0NAeGz/nRqF4m5/6CLzbP4/liHt12Ew==",
      "dev": true,
      "license": "MIT",
      "bin": {
        "prettier": "bin/prettier.cjs"
      },
      "engines": {
        "node": ">=14"
      },
      "funding": {
        "url": "https://github.com/prettier/prettier?sponsor=1"
      }
    },
    "node_modules/reflect-metadata": {
      "version": "0.2.2",
      "resolved": "https://registry.npmjs.org/reflect-metadata/-/reflect-metadata-0.2.2.tgz",
      "integrity": "sha512-urBwgfrvVP/eAyXx4hluJivBKzuEbSQs9rKWCrCkbSxNv8mxPcUZKeuoF3Uy4mJl3Lwprp6yy5/39VWigZ4K6Q==",
      "license": "Apache-2.0",
      "optional": true,
      "peer": true
    },
    "node_modules/resolve-pkg-maps": {
      "version": "1.0.0",
      "resolved": "https://registry.npmjs.org/resolve-pkg-maps/-/resolve-pkg-maps-1.0.0.tgz",
      "integrity": "sha512-seS2Tj26TBVOC2NIc2rOe2y2ZO7efxITtLZcGSOnHHNOQ7CkiUBfw0Iw2ck6xkIhPwLhKNLS8BO+hEpngQlqzw==",
      "dev": true,
      "license": "MIT",
      "funding": {
        "url": "https://github.com/privatenumber/resolve-pkg-maps?sponsor=1"
      }
    },
    "node_modules/rxjs": {
      "version": "7.8.1",
      "resolved": "https://registry.npmjs.org/rxjs/-/rxjs-7.8.1.tgz",
      "integrity": "sha512-AA3TVj+0A2iuIoQkWEK/tqFjBq2j+6PO6Y0zJcvzLAFhEFIO3HL0vls9hWLncZbAAbK0mar7oZ4V079I/qPMxg==",
      "license": "Apache-2.0",
      "optional": true,
      "peer": true,
      "dependencies": {
        "tslib": "^2.1.0"
      }
    },
    "node_modules/tslib": {
      "version": "2.7.0",
      "resolved": "https://registry.npmjs.org/tslib/-/tslib-2.7.0.tgz",
      "integrity": "sha512-gLXCKdN1/j47AiHiOkJN69hJmcbGTHI0ImLmbYLHykhgeN0jVGola9yVjFgzCUklsZQMW55o+dW7IXv3RCXDzA==",
      "license": "0BSD",
      "optional": true,
      "peer": true
    },
    "node_modules/tsx": {
      "version": "4.19.2",
      "resolved": "https://registry.npmjs.org/tsx/-/tsx-4.19.2.tgz",
      "integrity": "sha512-pOUl6Vo2LUq/bSa8S5q7b91cgNSjctn9ugq/+Mvow99qW6x/UZYwzxy/3NmqoT66eHYfCVvFvACC58UBPFf28g==",
      "dev": true,
      "license": "MIT",
      "dependencies": {
        "esbuild": "~0.23.0",
        "get-tsconfig": "^4.7.5"
      },
      "bin": {
        "tsx": "dist/cli.mjs"
      },
      "engines": {
        "node": ">=18.0.0"
      },
      "optionalDependencies": {
        "fsevents": "~2.3.3"
      }
    },
    "node_modules/typescript": {
      "version": "5.6.3",
      "resolved": "https://registry.npmjs.org/typescript/-/typescript-5.6.3.tgz",
      "integrity": "sha512-hjcS1mhfuyi4WW8IWtjP7brDrG2cuDZukyrYrSauoXGNgx0S7zceP07adYkJycEr56BOUTNPzbInooiN3fn1qw==",
      "dev": true,
      "license": "Apache-2.0",
      "bin": {
        "tsc": "bin/tsc",
        "tsserver": "bin/tsserver"
      },
      "engines": {
        "node": ">=14.17"
      }
    },
    "node_modules/uid": {
      "version": "2.0.2",
      "resolved": "https://registry.npmjs.org/uid/-/uid-2.0.2.tgz",
      "integrity": "sha512-u3xV3X7uzvi5b1MncmZo3i2Aw222Zk1keqLA1YkHldREkAhAqi65wuPfe7lHx8H/Wzy+8CE7S7uS3jekIM5s8g==",
      "license": "MIT",
      "optional": true,
      "peer": true,
      "dependencies": {
        "@lukeed/csprng": "^1.0.0"
      },
      "engines": {
        "node": ">=8"
      }
    },
    "node_modules/undici-types": {
      "version": "6.19.8",
      "resolved": "https://registry.npmjs.org/undici-types/-/undici-types-6.19.8.tgz",
      "integrity": "sha512-ve2KP6f/JnbPBFyobGHuerC9g1FYGn/F8n1LWTwNxCEzd6IfqTwUQcNXgEtmmQ6DlRrC1hrSrBnCZPokRrDHjw==",
      "dev": true,
      "license": "MIT"
    },
    "node_modules/uuid": {
      "version": "11.0.3",
      "resolved": "https://registry.npmjs.org/uuid/-/uuid-11.0.3.tgz",
      "integrity": "sha512-d0z310fCWv5dJwnX1Y/MncBAqGMKEzlBb1AOf7z9K8ALnd0utBX/msg/fA0+sbyN1ihbMsLhrBlnl1ak7Wa0rg==",
      "funding": [
        "https://github.com/sponsors/broofa",
        "https://github.com/sponsors/ctavan"
      ],
      "license": "MIT",
      "bin": {
        "uuid": "dist/esm/bin/uuid"
      }
    },
    "node_modules/validator": {
      "version": "13.12.0",
      "resolved": "https://registry.npmjs.org/validator/-/validator-13.12.0.tgz",
      "integrity": "sha512-c1Q0mCiPlgdTVVVIJIrBuxNicYE+t/7oKeI9MWLj3fh/uq2Pxh/3eeWbVZ4OcGW1TUf53At0njHw5SMdA3tmMg==",
      "license": "MIT",
      "optional": true,
      "peer": true,
      "engines": {
        "node": ">= 0.10"
      }
    }
  }
}
